
Microsoft Visual Studio Solution File, Format Version 12.00
# Visual Studio Version 16
VisualStudioVersion = 16.0.30621.155
MinimumVisualStudioVersion = 10.0.40219.1
Project("{FAE04EC0-301F-11D3-BF4B-00C04F79EFBC}") = "ContactsApp", "ContactsApp\ContactsApp.csproj", "{A9055157-2C58-4D42-965A-9AB77404AEEC}"
EndProject
Global
	GlobalSection(SolutionConfigurationPlatforms) = preSolution
		Debug|Any CPU = Debug|Any CPU
		Release|Any CPU = Release|Any CPU
	EndGlobalSection
	GlobalSection(ProjectConfigurationPlatforms) = postSolution
		{A9055157-2C58-4D42-965A-9AB77404AEEC}.Debug|Any CPU.ActiveCfg = Debug|Any CPU
		{A9055157-2C58-4D42-965A-9AB77404AEEC}.Debug|Any CPU.Build.0 = Debug|Any CPU
		{A9055157-2C58-4D42-965A-9AB77404AEEC}.Release|Any CPU.ActiveCfg = Release|Any CPU
		{A9055157-2C58-4D42-965A-9AB77404AEEC}.Release|Any CPU.Build.0 = Release|Any CPU
	EndGlobalSection
	GlobalSection(SolutionProperties) = preSolution
		HideSolutionNode = FALSE
	EndGlobalSection
	GlobalSection(ExtensibilityGlobals) = postSolution
		SolutionGuid = {18FCA3CB-09F6-47E0-ACAA-B72539A2C036}
	EndGlobalSection
EndGlobal
